
Microsoft Visual Studio Solution File, Format Version 12.00
# Visual Studio 15
Project("{FAE04EC0-301F-11D3-BF4B-00C04F79EFBC}") = "Assembly-CSharp-Editor", "Assembly-CSharp-Editor.csproj", "{BBC4B380-ECB2-CC07-F741-99FA8F525593}"
EndProject
Project("{FAE04EC0-301F-11D3-BF4B-00C04F79EFBC}") = "Assembly-CSharp", "Assembly-CSharp.csproj", "{D0305FD3-4E23-5E6F-5A33-A2A4E03A644C}"
EndProject
Global
	GlobalSection(SolutionConfigurationPlatforms) = preSolution
		Debug|Any CPU = Debug|Any CPU
		Release|Any CPU = Release|Any CPU
	EndGlobalSection
	GlobalSection(ProjectConfigurationPlatforms) = postSolution
		{BBC4B380-ECB2-CC07-F741-99FA8F525593}.Debug|Any CPU.ActiveCfg = Debug|Any CPU
		{BBC4B380-ECB2-CC07-F741-99FA8F525593}.Debug|Any CPU.Build.0 = Debug|Any CPU
		{BBC4B380-ECB2-CC07-F741-99FA8F525593}.Release|Any CPU.ActiveCfg = Release|Any CPU
		{BBC4B380-ECB2-CC07-F741-99FA8F525593}.Release|Any CPU.Build.0 = Release|Any CPU
		{D0305FD3-4E23-5E6F-5A33-A2A4E03A644C}.Debug|Any CPU.ActiveCfg = Debug|Any CPU
		{D0305FD3-4E23-5E6F-5A33-A2A4E03A644C}.Debug|Any CPU.Build.0 = Debug|Any CPU
		{D0305FD3-4E23-5E6F-5A33-A2A4E03A644C}.Release|Any CPU.ActiveCfg = Release|Any CPU
		{D0305FD3-4E23-5E6F-5A33-A2A4E03A644C}.Release|Any CPU.Build.0 = Release|Any CPU
	EndGlobalSection
	GlobalSection(SolutionProperties) = preSolution
		HideSolutionNode = FALSE
	EndGlobalSection
EndGlobal
